
Microsoft Visual Studio Solution File, Format Version 12.00
# Visual Studio Version 17
VisualStudioVersion = 17.7.34031.279
MinimumVisualStudioVersion = 10.0.40219.1
Project("{FAE04EC0-301F-11D3-BF4B-00C04F79EFBC}") = "GunSimulator", "AccessModifiers\GunSimulator.csproj", "{47F95C7E-782A-441D-8570-4F86F526CDA0}"
EndProject
Project("{FAE04EC0-301F-11D3-BF4B-00C04F79EFBC}") = "GunSimulator.Helpers", "AccessModifiers.Helpers\GunSimulator.Helpers.csproj", "{F5A052E6-1330-44F8-8842-B5AA50163CA3}"
EndProject
Global
	GlobalSection(SolutionConfigurationPlatforms) = preSolution
		Debug|Any CPU = Debug|Any CPU
		Release|Any CPU = Release|Any CPU
	EndGlobalSection
	GlobalSection(ProjectConfigurationPlatforms) = postSolution
		{47F95C7E-782A-441D-8570-4F86F526CDA0}.Debug|Any CPU.ActiveCfg = Debug|Any CPU
		{47F95C7E-782A-441D-8570-4F86F526CDA0}.Debug|Any CPU.Build.0 = Debug|Any CPU
		{47F95C7E-782A-441D-8570-4F86F526CDA0}.Release|Any CPU.ActiveCfg = Release|Any CPU
		{47F95C7E-782A-441D-8570-4F86F526CDA0}.Release|Any CPU.Build.0 = Release|Any CPU
		{F5A052E6-1330-44F8-8842-B5AA50163CA3}.Debug|Any CPU.ActiveCfg = Debug|Any CPU
		{F5A052E6-1330-44F8-8842-B5AA50163CA3}.Debug|Any CPU.Build.0 = Debug|Any CPU
		{F5A052E6-1330-44F8-8842-B5AA50163CA3}.Release|Any CPU.ActiveCfg = Release|Any CPU
		{F5A052E6-1330-44F8-8842-B5AA50163CA3}.Release|Any CPU.Build.0 = Release|Any CPU
	EndGlobalSection
	GlobalSection(SolutionProperties) = preSolution
		HideSolutionNode = FALSE
	EndGlobalSection
	GlobalSection(ExtensibilityGlobals) = postSolution
		SolutionGuid = {95CBBF1B-6C43-4A23-943A-8093A8FAD82F}
	EndGlobalSection
EndGlobal
